
Microsoft Visual Studio Solution File, Format Version 12.00
# Visual Studio Version 16
VisualStudioVersion = 16.0.808.4
MinimumVisualStudioVersion = 10.0.40219.1
Project("{FAE04EC0-301F-11D3-BF4B-00C04F79EFBC}") = "SimpleGameWithMap", "SimpleGameWithMap.csproj", "{50AB18F2-FCAF-4644-BE88-B8D42C102DA7}"
EndProject
Global
	GlobalSection(SolutionConfigurationPlatforms) = preSolution
		Debug|Any CPU = Debug|Any CPU
		Release|Any CPU = Release|Any CPU
	EndGlobalSection
	GlobalSection(ProjectConfigurationPlatforms) = postSolution
		{50AB18F2-FCAF-4644-BE88-B8D42C102DA7}.Debug|Any CPU.ActiveCfg = Debug|Any CPU
		{50AB18F2-FCAF-4644-BE88-B8D42C102DA7}.Debug|Any CPU.Build.0 = Debug|Any CPU
		{50AB18F2-FCAF-4644-BE88-B8D42C102DA7}.Release|Any CPU.ActiveCfg = Release|Any CPU
		{50AB18F2-FCAF-4644-BE88-B8D42C102DA7}.Release|Any CPU.Build.0 = Release|Any CPU
	EndGlobalSection
	GlobalSection(SolutionProperties) = preSolution
		HideSolutionNode = FALSE
	EndGlobalSection
	GlobalSection(ExtensibilityGlobals) = postSolution
		SolutionGuid = {4FD304DC-D86C-4F55-9736-D033DB2F54B2}
	EndGlobalSection
EndGlobal
